
Microsoft Visual Studio Solution File, Format Version 12.00
# Visual Studio Version 17
VisualStudioVersion = 17.9.34902.65
MinimumVisualStudioVersion = 10.0.40219.1
Project("{FAE04EC0-301F-11D3-BF4B-00C04F79EFBC}") = "P00 - Demo", "P00 - Demo\P00 - Demo.csproj", "{E0397A69-FFC0-48BB-A7DF-32A3FA63F134}"
EndProject
Project("{FAE04EC0-301F-11D3-BF4B-00C04F79EFBC}") = "P01 - Demo", "P01 - Demo\P01 - Demo.csproj", "{B8C60589-ED62-4FD8-B69B-FC8B3DA6BB38}"
EndProject
Project("{FAE04EC0-301F-11D3-BF4B-00C04F79EFBC}") = "P10 - Days", "P10 - Days\P10 - Days.csproj", "{33465181-CA46-46C7-BC8E-449C193B030F}"
EndProject
Project("{FAE04EC0-301F-11D3-BF4B-00C04F79EFBC}") = "P02 - Demo", "P02 - Demo\P02 - Demo.csproj", "{0A28AF27-CB6F-4614-8707-9D7ADFD9F3D4}"
EndProject
Project("{FAE04EC0-301F-11D3-BF4B-00C04F79EFBC}") = "P03 - Demo", "P03 - Demo\P03 - Demo.csproj", "{A3879F80-93BE-4306-8083-DE5D78FEDB1B}"
EndProject
Project("{FAE04EC0-301F-11D3-BF4B-00C04F79EFBC}") = "P04 - Demo", "P04 - Demo\P04 - Demo.csproj", "{12677AE3-ABF7-4FD9-BE35-44B322F474D5}"
EndProject
Project("{FAE04EC0-301F-11D3-BF4B-00C04F79EFBC}") = "P11 - Statistika", "P11 - Statistika\P11 - Statistika.csproj", "{9F640ACB-FB8C-4333-838B-83EDFEE8973B}"
EndProject
Project("{FAE04EC0-301F-11D3-BF4B-00C04F79EFBC}") = "P12 - IndexAlphabet", "P12 - IndexAlphabet\P12 - IndexAlphabet.csproj", "{9A448D2F-3D13-44FF-BAD4-2042066D6F00}"
EndProject
Project("{FAE04EC0-301F-11D3-BF4B-00C04F79EFBC}") = "P12 - IndexAlphabets", "P12 - IndexAlphabets\P12 - IndexAlphabets.csproj", "{1BFDF45B-994B-4D92-9AE7-C585FE9950F1}"
EndProject
Project("{FAE04EC0-301F-11D3-BF4B-00C04F79EFBC}") = "P13 - MiddleElements", "P13 - MiddleElements\P13 - MiddleElements.csproj", "{1BFFF52E-0557-467D-83FA-6085C4B8B0D2}"
EndProject
Project("{FAE04EC0-301F-11D3-BF4B-00C04F79EFBC}") = "P14 - Stokcks", "P14 - Stokcks\P14 - Stokcks.csproj", "{97DC19C6-C450-4D8A-AE17-935FEA34093F}"
EndProject
Global
	GlobalSection(SolutionConfigurationPlatforms) = preSolution
		Debug|Any CPU = Debug|Any CPU
		Release|Any CPU = Release|Any CPU
	EndGlobalSection
	GlobalSection(ProjectConfigurationPlatforms) = postSolution
		{E0397A69-FFC0-48BB-A7DF-32A3FA63F134}.Debug|Any CPU.ActiveCfg = Debug|Any CPU
		{E0397A69-FFC0-48BB-A7DF-32A3FA63F134}.Debug|Any CPU.Build.0 = Debug|Any CPU
		{E0397A69-FFC0-48BB-A7DF-32A3FA63F134}.Release|Any CPU.ActiveCfg = Release|Any CPU
		{E0397A69-FFC0-48BB-A7DF-32A3FA63F134}.Release|Any CPU.Build.0 = Release|Any CPU
		{B8C60589-ED62-4FD8-B69B-FC8B3DA6BB38}.Debug|Any CPU.ActiveCfg = Debug|Any CPU
		{B8C60589-ED62-4FD8-B69B-FC8B3DA6BB38}.Debug|Any CPU.Build.0 = Debug|Any CPU
		{B8C60589-ED62-4FD8-B69B-FC8B3DA6BB38}.Release|Any CPU.ActiveCfg = Release|Any CPU
		{B8C60589-ED62-4FD8-B69B-FC8B3DA6BB38}.Release|Any CPU.Build.0 = Release|Any CPU
		{33465181-CA46-46C7-BC8E-449C193B030F}.Debug|Any CPU.ActiveCfg = Debug|Any CPU
		{33465181-CA46-46C7-BC8E-449C193B030F}.Debug|Any CPU.Build.0 = Debug|Any CPU
		{33465181-CA46-46C7-BC8E-449C193B030F}.Release|Any CPU.ActiveCfg = Release|Any CPU
		{33465181-CA46-46C7-BC8E-449C193B030F}.Release|Any CPU.Build.0 = Release|Any CPU
		{0A28AF27-CB6F-4614-8707-9D7ADFD9F3D4}.Debug|Any CPU.ActiveCfg = Debug|Any CPU
		{0A28AF27-CB6F-4614-8707-9D7ADFD9F3D4}.Debug|Any CPU.Build.0 = Debug|Any CPU
		{0A28AF27-CB6F-4614-8707-9D7ADFD9F3D4}.Release|Any CPU.ActiveCfg = Release|Any CPU
		{0A28AF27-CB6F-4614-8707-9D7ADFD9F3D4}.Release|Any CPU.Build.0 = Release|Any CPU
		{A3879F80-93BE-4306-8083-DE5D78FEDB1B}.Debug|Any CPU.ActiveCfg = Debug|Any CPU
		{A3879F80-93BE-4306-8083-DE5D78FEDB1B}.Debug|Any CPU.Build.0 = Debug|Any CPU
		{A3879F80-93BE-4306-8083-DE5D78FEDB1B}.Release|Any CPU.ActiveCfg = Release|Any CPU
		{A3879F80-93BE-4306-8083-DE5D78FEDB1B}.Release|Any CPU.Build.0 = Release|Any CPU
		{12677AE3-ABF7-4FD9-BE35-44B322F474D5}.Debug|Any CPU.ActiveCfg = Debug|Any CPU
		{12677AE3-ABF7-4FD9-BE35-44B322F474D5}.Debug|Any CPU.Build.0 = Debug|Any CPU
		{12677AE3-ABF7-4FD9-BE35-44B322F474D5}.Release|Any CPU.ActiveCfg = Release|Any CPU
		{12677AE3-ABF7-4FD9-BE35-44B322F474D5}.Release|Any CPU.Build.0 = Release|Any CPU
		{9F640ACB-FB8C-4333-838B-83EDFEE8973B}.Debug|Any CPU.ActiveCfg = Debug|Any CPU
		{9F640ACB-FB8C-4333-838B-83EDFEE8973B}.Debug|Any CPU.Build.0 = Debug|Any CPU
		{9F640ACB-FB8C-4333-838B-83EDFEE8973B}.Release|Any CPU.ActiveCfg = Release|Any CPU
		{9F640ACB-FB8C-4333-838B-83EDFEE8973B}.Release|Any CPU.Build.0 = Release|Any CPU
		{9A448D2F-3D13-44FF-BAD4-2042066D6F00}.Debug|Any CPU.ActiveCfg = Debug|Any CPU
		{9A448D2F-3D13-44FF-BAD4-2042066D6F00}.Debug|Any CPU.Build.0 = Debug|Any CPU
		{9A448D2F-3D13-44FF-BAD4-2042066D6F00}.Release|Any CPU.ActiveCfg = Release|Any CPU
		{9A448D2F-3D13-44FF-BAD4-2042066D6F00}.Release|Any CPU.Build.0 = Release|Any CPU
		{1BFDF45B-994B-4D92-9AE7-C585FE9950F1}.Debug|Any CPU.ActiveCfg = Debug|Any CPU
		{1BFDF45B-994B-4D92-9AE7-C585FE9950F1}.Debug|Any CPU.Build.0 = Debug|Any CPU
		{1BFDF45B-994B-4D92-9AE7-C585FE9950F1}.Release|Any CPU.ActiveCfg = Release|Any CPU
		{1BFDF45B-994B-4D92-9AE7-C585FE9950F1}.Release|Any CPU.Build.0 = Release|Any CPU
		{1BFFF52E-0557-467D-83FA-6085C4B8B0D2}.Debug|Any CPU.ActiveCfg = Debug|Any CPU
		{1BFFF52E-0557-467D-83FA-6085C4B8B0D2}.Debug|Any CPU.Build.0 = Debug|Any CPU
		{1BFFF52E-0557-467D-83FA-6085C4B8B0D2}.Release|Any CPU.ActiveCfg = Release|Any CPU
		{1BFFF52E-0557-467D-83FA-6085C4B8B0D2}.Release|Any CPU.Build.0 = Release|Any CPU
		{97DC19C6-C450-4D8A-AE17-935FEA34093F}.Debug|Any CPU.ActiveCfg = Debug|Any CPU
		{97DC19C6-C450-4D8A-AE17-935FEA34093F}.Debug|Any CPU.Build.0 = Debug|Any CPU
		{97DC19C6-C450-4D8A-AE17-935FEA34093F}.Release|Any CPU.ActiveCfg = Release|Any CPU
		{97DC19C6-C450-4D8A-AE17-935FEA34093F}.Release|Any CPU.Build.0 = Release|Any CPU
	EndGlobalSection
	GlobalSection(SolutionProperties) = preSolution
		HideSolutionNode = FALSE
	EndGlobalSection
	GlobalSection(ExtensibilityGlobals) = postSolution
		SolutionGuid = {D1E77014-D5C6-4C29-A323-582A0F29E61F}
	EndGlobalSection
EndGlobal
