
Microsoft Visual Studio Solution File, Format Version 12.00
# Visual Studio Version 17
VisualStudioVersion = 17.9.34902.65
MinimumVisualStudioVersion = 10.0.40219.1
Project("{FAE04EC0-301F-11D3-BF4B-00C04F79EFBC}") = "p00 - Demo", "p00 - Demo\p00 - Demo.csproj", "{A67AAE96-26DA-4218-AE2D-CE9CEB84CB97}"
EndProject
Project("{FAE04EC0-301F-11D3-BF4B-00C04F79EFBC}") = "p01 -Demo", "p01 -Demo\p01 -Demo.csproj", "{13BEE106-C59A-470E-A580-7A095E313A59}"
EndProject
Project("{FAE04EC0-301F-11D3-BF4B-00C04F79EFBC}") = "p10 - Centuries", "p10 - Centuries\p10 - Centuries.csproj", "{134C1DD2-8BB0-44CF-9DAC-65B4831B4E65}"
EndProject
Project("{FAE04EC0-301F-11D3-BF4B-00C04F79EFBC}") = "p12 - BrSistemi", "p12 - BrSistemi\p12 - BrSistemi.csproj", "{FB484DBE-6759-498E-A36A-C9466C1AC204}"
EndProject
Project("{FAE04EC0-301F-11D3-BF4B-00C04F79EFBC}") = "p11 - Change", "p11 - Change\p11 - Change.csproj", "{C9A853D6-D7EF-4C03-BDA5-FFA1AA37D64C}"
EndProject
Project("{FAE04EC0-301F-11D3-BF4B-00C04F79EFBC}") = "p13 - DeleneChisla", "p13 - DeleneChisla\p13 - DeleneChisla.csproj", "{31BE1985-05C3-4B7C-A8BD-A3871F518B6A}"
EndProject
Project("{FAE04EC0-301F-11D3-BF4B-00C04F79EFBC}") = "p14 - SborCifri", "p14 - SborCifri\p14 - SborCifri.csproj", "{992C0E16-8A6A-4222-9656-15C8E943CEB0}"
EndProject
Project("{FAE04EC0-301F-11D3-BF4B-00C04F79EFBC}") = "p15 - Rectangle", "p15 - Rectangle\p15 - Rectangle.csproj", "{1BA3F4E6-2DE5-427E-8D32-33B0E68BB0D7}"
EndProject
Global
	GlobalSection(SolutionConfigurationPlatforms) = preSolution
		Debug|Any CPU = Debug|Any CPU
		Release|Any CPU = Release|Any CPU
	EndGlobalSection
	GlobalSection(ProjectConfigurationPlatforms) = postSolution
		{A67AAE96-26DA-4218-AE2D-CE9CEB84CB97}.Debug|Any CPU.ActiveCfg = Debug|Any CPU
		{A67AAE96-26DA-4218-AE2D-CE9CEB84CB97}.Debug|Any CPU.Build.0 = Debug|Any CPU
		{A67AAE96-26DA-4218-AE2D-CE9CEB84CB97}.Release|Any CPU.ActiveCfg = Release|Any CPU
		{A67AAE96-26DA-4218-AE2D-CE9CEB84CB97}.Release|Any CPU.Build.0 = Release|Any CPU
		{13BEE106-C59A-470E-A580-7A095E313A59}.Debug|Any CPU.ActiveCfg = Debug|Any CPU
		{13BEE106-C59A-470E-A580-7A095E313A59}.Debug|Any CPU.Build.0 = Debug|Any CPU
		{13BEE106-C59A-470E-A580-7A095E313A59}.Release|Any CPU.ActiveCfg = Release|Any CPU
		{13BEE106-C59A-470E-A580-7A095E313A59}.Release|Any CPU.Build.0 = Release|Any CPU
		{134C1DD2-8BB0-44CF-9DAC-65B4831B4E65}.Debug|Any CPU.ActiveCfg = Debug|Any CPU
		{134C1DD2-8BB0-44CF-9DAC-65B4831B4E65}.Debug|Any CPU.Build.0 = Debug|Any CPU
		{134C1DD2-8BB0-44CF-9DAC-65B4831B4E65}.Release|Any CPU.ActiveCfg = Release|Any CPU
		{134C1DD2-8BB0-44CF-9DAC-65B4831B4E65}.Release|Any CPU.Build.0 = Release|Any CPU
		{FB484DBE-6759-498E-A36A-C9466C1AC204}.Debug|Any CPU.ActiveCfg = Debug|Any CPU
		{FB484DBE-6759-498E-A36A-C9466C1AC204}.Debug|Any CPU.Build.0 = Debug|Any CPU
		{FB484DBE-6759-498E-A36A-C9466C1AC204}.Release|Any CPU.ActiveCfg = Release|Any CPU
		{FB484DBE-6759-498E-A36A-C9466C1AC204}.Release|Any CPU.Build.0 = Release|Any CPU
		{C9A853D6-D7EF-4C03-BDA5-FFA1AA37D64C}.Debug|Any CPU.ActiveCfg = Debug|Any CPU
		{C9A853D6-D7EF-4C03-BDA5-FFA1AA37D64C}.Debug|Any CPU.Build.0 = Debug|Any CPU
		{C9A853D6-D7EF-4C03-BDA5-FFA1AA37D64C}.Release|Any CPU.ActiveCfg = Release|Any CPU
		{C9A853D6-D7EF-4C03-BDA5-FFA1AA37D64C}.Release|Any CPU.Build.0 = Release|Any CPU
		{31BE1985-05C3-4B7C-A8BD-A3871F518B6A}.Debug|Any CPU.ActiveCfg = Debug|Any CPU
		{31BE1985-05C3-4B7C-A8BD-A3871F518B6A}.Debug|Any CPU.Build.0 = Debug|Any CPU
		{31BE1985-05C3-4B7C-A8BD-A3871F518B6A}.Release|Any CPU.ActiveCfg = Release|Any CPU
		{31BE1985-05C3-4B7C-A8BD-A3871F518B6A}.Release|Any CPU.Build.0 = Release|Any CPU
		{992C0E16-8A6A-4222-9656-15C8E943CEB0}.Debug|Any CPU.ActiveCfg = Debug|Any CPU
		{992C0E16-8A6A-4222-9656-15C8E943CEB0}.Debug|Any CPU.Build.0 = Debug|Any CPU
		{992C0E16-8A6A-4222-9656-15C8E943CEB0}.Release|Any CPU.ActiveCfg = Release|Any CPU
		{992C0E16-8A6A-4222-9656-15C8E943CEB0}.Release|Any CPU.Build.0 = Release|Any CPU
		{1BA3F4E6-2DE5-427E-8D32-33B0E68BB0D7}.Debug|Any CPU.ActiveCfg = Debug|Any CPU
		{1BA3F4E6-2DE5-427E-8D32-33B0E68BB0D7}.Debug|Any CPU.Build.0 = Debug|Any CPU
		{1BA3F4E6-2DE5-427E-8D32-33B0E68BB0D7}.Release|Any CPU.ActiveCfg = Release|Any CPU
		{1BA3F4E6-2DE5-427E-8D32-33B0E68BB0D7}.Release|Any CPU.Build.0 = Release|Any CPU
	EndGlobalSection
	GlobalSection(SolutionProperties) = preSolution
		HideSolutionNode = FALSE
	EndGlobalSection
	GlobalSection(ExtensibilityGlobals) = postSolution
		SolutionGuid = {8FDF8280-C794-4B65-A352-20FDBD12BB14}
	EndGlobalSection
EndGlobal
