
Microsoft Visual Studio Solution File, Format Version 12.00
# Visual Studio Version 17
VisualStudioVersion = 17.9.34902.65
MinimumVisualStudioVersion = 10.0.40219.1
Project("{FAE04EC0-301F-11D3-BF4B-00C04F79EFBC}") = "2019_1_FitnesUredi", "2019_1_FitnesUredi\2019_1_FitnesUredi.csproj", "{B7E2BBF6-73CD-4C09-8C12-DB36BA5D34A3}"
EndProject
Project("{FAE04EC0-301F-11D3-BF4B-00C04F79EFBC}") = "2019_2_FitnessVisitors", "2019_2_FitnessVisitors\2019_2_FitnessVisitors.csproj", "{D23CFE06-2BE5-4BCD-B86F-9DB1711A8A7D}"
EndProject
Project("{FAE04EC0-301F-11D3-BF4B-00C04F79EFBC}") = "2019_3_WordGame", "2019_3_WordGame\2019_3_WordGame.csproj", "{10ACC15B-5299-432B-BD3E-EC452613B10C}"
EndProject
Project("{FAE04EC0-301F-11D3-BF4B-00C04F79EFBC}") = "2019_4_FootballSeason", "2019_4_FootballSeason\2019_4_FootballSeason.csproj", "{0EDE725B-78F2-48F4-AEF9-89D7D1E8A35D}"
EndProject
Project("{FAE04EC0-301F-11D3-BF4B-00C04F79EFBC}") = "2020_2_MagicNumbers", "2020_2_MagicNumbers\2020_2_MagicNumbers.csproj", "{55FF22EC-10F9-4750-ABCD-540DAEF729FA}"
EndProject
Project("{FAE04EC0-301F-11D3-BF4B-00C04F79EFBC}") = "2020_3_FindWords", "2020_3_FindWords\2020_3_FindWords.csproj", "{05ACC403-9105-46DB-9DD0-FAC92B64596E}"
EndProject
Project("{FAE04EC0-301F-11D3-BF4B-00C04F79EFBC}") = "2020_1_SpringClothes", "2020_1_SpringClothes\2020_1_SpringClothes.csproj", "{18CAC3E3-8820-45A4-B8E8-F0A8C2AE0772}"
EndProject
Project("{FAE04EC0-301F-11D3-BF4B-00C04F79EFBC}") = "2020_4_BasketballSeason", "2020_4_BasketballSeason\2020_4_BasketballSeason.csproj", "{09DDCFF2-0385-4A6B-90EB-C3C2D569F614}"
EndProject
Project("{FAE04EC0-301F-11D3-BF4B-00C04F79EFBC}") = "2021_1_EasterEggs", "2021_1_EasterEggs\2021_1_EasterEggs.csproj", "{9FAC2427-333A-4703-9994-CDBE3D5BEE67}"
EndProject
Project("{FAE04EC0-301F-11D3-BF4B-00C04F79EFBC}") = "2021_2_Numbers", "2021_2_Numbers\2021_2_Numbers.csproj", "{8BEF33D6-0BA5-478F-974E-E3045F35524F}"
EndProject
Project("{FAE04EC0-301F-11D3-BF4B-00C04F79EFBC}") = "2021_4_ShopingTime", "2021_4_ShopingTime\2021_4_ShopingTime.csproj", "{DA91252E-5DE2-46F9-9C10-31D7A1E45D20}"
EndProject
Project("{FAE04EC0-301F-11D3-BF4B-00C04F79EFBC}") = "2021_3_SpecialWords", "2021_3_SpecialWords\2021_3_SpecialWords.csproj", "{076421E9-D0F5-4D69-B2E1-C29211C9B67F}"
EndProject
Project("{9A19103F-16F7-4668-BE54-9A1E7A4F7556}") = "2019 - 2Variant", "2019 - 2Variant\2019 - 2Variant.csproj", "{8D861F31-F875-4DF6-8F2F-9643127BBEE4}"
EndProject
Project("{9A19103F-16F7-4668-BE54-9A1E7A4F7556}") = "ConsoleApp1", "ConsoleApp1\ConsoleApp1.csproj", "{963A2982-BEF2-4DED-AB98-A6B8F60FEA92}"
EndProject
Project("{9A19103F-16F7-4668-BE54-9A1E7A4F7556}") = "ConsoleApp2", "ConsoleApp2\ConsoleApp2.csproj", "{2619DDB1-696A-437F-B7E2-5ED80E096107}"
EndProject
Project("{9A19103F-16F7-4668-BE54-9A1E7A4F7556}") = "ConsoleApp3", "ConsoleApp3\ConsoleApp3.csproj", "{1D3A127A-3CC6-493D-A808-34764B735D51}"
EndProject
Project("{9A19103F-16F7-4668-BE54-9A1E7A4F7556}") = "ConsoleApp4", "ConsoleApp4\ConsoleApp4.csproj", "{F2AA0725-8463-4799-AD53-10E6195F2339}"
EndProject
Project("{9A19103F-16F7-4668-BE54-9A1E7A4F7556}") = "ConsoleApp5", "ConsoleApp5\ConsoleApp5.csproj", "{93E2A235-D4C8-43C8-94E8-81237C76C12A}"
EndProject
Project("{FAE04EC0-301F-11D3-BF4B-00C04F79EFBC}") = "2024_Zad2", "2024_Zad2\2024_Zad2.csproj", "{DEF4B67E-75A1-43A4-970A-406ABAFBFB77}"
EndProject
Project("{FAE04EC0-301F-11D3-BF4B-00C04F79EFBC}") = "2024_Zad3", "2024_Zad3\2024_Zad3.csproj", "{BB45352D-449F-4A75-A34C-5714E2296099}"
EndProject
Project("{FAE04EC0-301F-11D3-BF4B-00C04F79EFBC}") = "2024_Zad4", "2024_Zad4\2024_Zad4.csproj", "{C033D721-C037-4782-97F9-36FE5255B2DE}"
EndProject
Project("{FAE04EC0-301F-11D3-BF4B-00C04F79EFBC}") = "2024_Zad1", "2024_Zad1\2024_Zad1.csproj", "{34FA41E7-1C85-462B-AEE1-3B6C30A87871}"
EndProject
Global
	GlobalSection(SolutionConfigurationPlatforms) = preSolution
		Debug|Any CPU = Debug|Any CPU
		Release|Any CPU = Release|Any CPU
	EndGlobalSection
	GlobalSection(ProjectConfigurationPlatforms) = postSolution
		{B7E2BBF6-73CD-4C09-8C12-DB36BA5D34A3}.Debug|Any CPU.ActiveCfg = Debug|Any CPU
		{B7E2BBF6-73CD-4C09-8C12-DB36BA5D34A3}.Debug|Any CPU.Build.0 = Debug|Any CPU
		{B7E2BBF6-73CD-4C09-8C12-DB36BA5D34A3}.Release|Any CPU.ActiveCfg = Release|Any CPU
		{B7E2BBF6-73CD-4C09-8C12-DB36BA5D34A3}.Release|Any CPU.Build.0 = Release|Any CPU
		{D23CFE06-2BE5-4BCD-B86F-9DB1711A8A7D}.Debug|Any CPU.ActiveCfg = Debug|Any CPU
		{D23CFE06-2BE5-4BCD-B86F-9DB1711A8A7D}.Debug|Any CPU.Build.0 = Debug|Any CPU
		{D23CFE06-2BE5-4BCD-B86F-9DB1711A8A7D}.Release|Any CPU.ActiveCfg = Release|Any CPU
		{D23CFE06-2BE5-4BCD-B86F-9DB1711A8A7D}.Release|Any CPU.Build.0 = Release|Any CPU
		{10ACC15B-5299-432B-BD3E-EC452613B10C}.Debug|Any CPU.ActiveCfg = Debug|Any CPU
		{10ACC15B-5299-432B-BD3E-EC452613B10C}.Debug|Any CPU.Build.0 = Debug|Any CPU
		{10ACC15B-5299-432B-BD3E-EC452613B10C}.Release|Any CPU.ActiveCfg = Release|Any CPU
		{10ACC15B-5299-432B-BD3E-EC452613B10C}.Release|Any CPU.Build.0 = Release|Any CPU
		{0EDE725B-78F2-48F4-AEF9-89D7D1E8A35D}.Debug|Any CPU.ActiveCfg = Debug|Any CPU
		{0EDE725B-78F2-48F4-AEF9-89D7D1E8A35D}.Debug|Any CPU.Build.0 = Debug|Any CPU
		{0EDE725B-78F2-48F4-AEF9-89D7D1E8A35D}.Release|Any CPU.ActiveCfg = Release|Any CPU
		{0EDE725B-78F2-48F4-AEF9-89D7D1E8A35D}.Release|Any CPU.Build.0 = Release|Any CPU
		{55FF22EC-10F9-4750-ABCD-540DAEF729FA}.Debug|Any CPU.ActiveCfg = Debug|Any CPU
		{55FF22EC-10F9-4750-ABCD-540DAEF729FA}.Debug|Any CPU.Build.0 = Debug|Any CPU
		{55FF22EC-10F9-4750-ABCD-540DAEF729FA}.Release|Any CPU.ActiveCfg = Release|Any CPU
		{55FF22EC-10F9-4750-ABCD-540DAEF729FA}.Release|Any CPU.Build.0 = Release|Any CPU
		{05ACC403-9105-46DB-9DD0-FAC92B64596E}.Debug|Any CPU.ActiveCfg = Debug|Any CPU
		{05ACC403-9105-46DB-9DD0-FAC92B64596E}.Debug|Any CPU.Build.0 = Debug|Any CPU
		{05ACC403-9105-46DB-9DD0-FAC92B64596E}.Release|Any CPU.ActiveCfg = Release|Any CPU
		{05ACC403-9105-46DB-9DD0-FAC92B64596E}.Release|Any CPU.Build.0 = Release|Any CPU
		{18CAC3E3-8820-45A4-B8E8-F0A8C2AE0772}.Debug|Any CPU.ActiveCfg = Debug|Any CPU
		{18CAC3E3-8820-45A4-B8E8-F0A8C2AE0772}.Debug|Any CPU.Build.0 = Debug|Any CPU
		{18CAC3E3-8820-45A4-B8E8-F0A8C2AE0772}.Release|Any CPU.ActiveCfg = Release|Any CPU
		{18CAC3E3-8820-45A4-B8E8-F0A8C2AE0772}.Release|Any CPU.Build.0 = Release|Any CPU
		{09DDCFF2-0385-4A6B-90EB-C3C2D569F614}.Debug|Any CPU.ActiveCfg = Debug|Any CPU
		{09DDCFF2-0385-4A6B-90EB-C3C2D569F614}.Debug|Any CPU.Build.0 = Debug|Any CPU
		{09DDCFF2-0385-4A6B-90EB-C3C2D569F614}.Release|Any CPU.ActiveCfg = Release|Any CPU
		{09DDCFF2-0385-4A6B-90EB-C3C2D569F614}.Release|Any CPU.Build.0 = Release|Any CPU
		{9FAC2427-333A-4703-9994-CDBE3D5BEE67}.Debug|Any CPU.ActiveCfg = Debug|Any CPU
		{9FAC2427-333A-4703-9994-CDBE3D5BEE67}.Debug|Any CPU.Build.0 = Debug|Any CPU
		{9FAC2427-333A-4703-9994-CDBE3D5BEE67}.Release|Any CPU.ActiveCfg = Release|Any CPU
		{9FAC2427-333A-4703-9994-CDBE3D5BEE67}.Release|Any CPU.Build.0 = Release|Any CPU
		{8BEF33D6-0BA5-478F-974E-E3045F35524F}.Debug|Any CPU.ActiveCfg = Debug|Any CPU
		{8BEF33D6-0BA5-478F-974E-E3045F35524F}.Debug|Any CPU.Build.0 = Debug|Any CPU
		{8BEF33D6-0BA5-478F-974E-E3045F35524F}.Release|Any CPU.ActiveCfg = Release|Any CPU
		{8BEF33D6-0BA5-478F-974E-E3045F35524F}.Release|Any CPU.Build.0 = Release|Any CPU
		{DA91252E-5DE2-46F9-9C10-31D7A1E45D20}.Debug|Any CPU.ActiveCfg = Debug|Any CPU
		{DA91252E-5DE2-46F9-9C10-31D7A1E45D20}.Debug|Any CPU.Build.0 = Debug|Any CPU
		{DA91252E-5DE2-46F9-9C10-31D7A1E45D20}.Release|Any CPU.ActiveCfg = Release|Any CPU
		{DA91252E-5DE2-46F9-9C10-31D7A1E45D20}.Release|Any CPU.Build.0 = Release|Any CPU
		{076421E9-D0F5-4D69-B2E1-C29211C9B67F}.Debug|Any CPU.ActiveCfg = Debug|Any CPU
		{076421E9-D0F5-4D69-B2E1-C29211C9B67F}.Debug|Any CPU.Build.0 = Debug|Any CPU
		{076421E9-D0F5-4D69-B2E1-C29211C9B67F}.Release|Any CPU.ActiveCfg = Release|Any CPU
		{076421E9-D0F5-4D69-B2E1-C29211C9B67F}.Release|Any CPU.Build.0 = Release|Any CPU
		{8D861F31-F875-4DF6-8F2F-9643127BBEE4}.Debug|Any CPU.ActiveCfg = Debug|Any CPU
		{8D861F31-F875-4DF6-8F2F-9643127BBEE4}.Debug|Any CPU.Build.0 = Debug|Any CPU
		{8D861F31-F875-4DF6-8F2F-9643127BBEE4}.Release|Any CPU.ActiveCfg = Release|Any CPU
		{8D861F31-F875-4DF6-8F2F-9643127BBEE4}.Release|Any CPU.Build.0 = Release|Any CPU
		{963A2982-BEF2-4DED-AB98-A6B8F60FEA92}.Debug|Any CPU.ActiveCfg = Debug|Any CPU
		{963A2982-BEF2-4DED-AB98-A6B8F60FEA92}.Debug|Any CPU.Build.0 = Debug|Any CPU
		{963A2982-BEF2-4DED-AB98-A6B8F60FEA92}.Release|Any CPU.ActiveCfg = Release|Any CPU
		{963A2982-BEF2-4DED-AB98-A6B8F60FEA92}.Release|Any CPU.Build.0 = Release|Any CPU
		{2619DDB1-696A-437F-B7E2-5ED80E096107}.Debug|Any CPU.ActiveCfg = Debug|Any CPU
		{2619DDB1-696A-437F-B7E2-5ED80E096107}.Debug|Any CPU.Build.0 = Debug|Any CPU
		{2619DDB1-696A-437F-B7E2-5ED80E096107}.Release|Any CPU.ActiveCfg = Release|Any CPU
		{2619DDB1-696A-437F-B7E2-5ED80E096107}.Release|Any CPU.Build.0 = Release|Any CPU
		{1D3A127A-3CC6-493D-A808-34764B735D51}.Debug|Any CPU.ActiveCfg = Debug|Any CPU
		{1D3A127A-3CC6-493D-A808-34764B735D51}.Debug|Any CPU.Build.0 = Debug|Any CPU
		{1D3A127A-3CC6-493D-A808-34764B735D51}.Release|Any CPU.ActiveCfg = Release|Any CPU
		{1D3A127A-3CC6-493D-A808-34764B735D51}.Release|Any CPU.Build.0 = Release|Any CPU
		{F2AA0725-8463-4799-AD53-10E6195F2339}.Debug|Any CPU.ActiveCfg = Debug|Any CPU
		{F2AA0725-8463-4799-AD53-10E6195F2339}.Debug|Any CPU.Build.0 = Debug|Any CPU
		{F2AA0725-8463-4799-AD53-10E6195F2339}.Release|Any CPU.ActiveCfg = Release|Any CPU
		{F2AA0725-8463-4799-AD53-10E6195F2339}.Release|Any CPU.Build.0 = Release|Any CPU
		{93E2A235-D4C8-43C8-94E8-81237C76C12A}.Debug|Any CPU.ActiveCfg = Debug|Any CPU
		{93E2A235-D4C8-43C8-94E8-81237C76C12A}.Debug|Any CPU.Build.0 = Debug|Any CPU
		{93E2A235-D4C8-43C8-94E8-81237C76C12A}.Release|Any CPU.ActiveCfg = Release|Any CPU
		{93E2A235-D4C8-43C8-94E8-81237C76C12A}.Release|Any CPU.Build.0 = Release|Any CPU
		{DEF4B67E-75A1-43A4-970A-406ABAFBFB77}.Debug|Any CPU.ActiveCfg = Debug|Any CPU
		{DEF4B67E-75A1-43A4-970A-406ABAFBFB77}.Debug|Any CPU.Build.0 = Debug|Any CPU
		{DEF4B67E-75A1-43A4-970A-406ABAFBFB77}.Release|Any CPU.ActiveCfg = Release|Any CPU
		{DEF4B67E-75A1-43A4-970A-406ABAFBFB77}.Release|Any CPU.Build.0 = Release|Any CPU
		{BB45352D-449F-4A75-A34C-5714E2296099}.Debug|Any CPU.ActiveCfg = Debug|Any CPU
		{BB45352D-449F-4A75-A34C-5714E2296099}.Debug|Any CPU.Build.0 = Debug|Any CPU
		{BB45352D-449F-4A75-A34C-5714E2296099}.Release|Any CPU.ActiveCfg = Release|Any CPU
		{BB45352D-449F-4A75-A34C-5714E2296099}.Release|Any CPU.Build.0 = Release|Any CPU
		{C033D721-C037-4782-97F9-36FE5255B2DE}.Debug|Any CPU.ActiveCfg = Debug|Any CPU
		{C033D721-C037-4782-97F9-36FE5255B2DE}.Debug|Any CPU.Build.0 = Debug|Any CPU
		{C033D721-C037-4782-97F9-36FE5255B2DE}.Release|Any CPU.ActiveCfg = Release|Any CPU
		{C033D721-C037-4782-97F9-36FE5255B2DE}.Release|Any CPU.Build.0 = Release|Any CPU
		{34FA41E7-1C85-462B-AEE1-3B6C30A87871}.Debug|Any CPU.ActiveCfg = Debug|Any CPU
		{34FA41E7-1C85-462B-AEE1-3B6C30A87871}.Debug|Any CPU.Build.0 = Debug|Any CPU
		{34FA41E7-1C85-462B-AEE1-3B6C30A87871}.Release|Any CPU.ActiveCfg = Release|Any CPU
		{34FA41E7-1C85-462B-AEE1-3B6C30A87871}.Release|Any CPU.Build.0 = Release|Any CPU
	EndGlobalSection
	GlobalSection(SolutionProperties) = preSolution
		HideSolutionNode = FALSE
	EndGlobalSection
	GlobalSection(ExtensibilityGlobals) = postSolution
		SolutionGuid = {82BEABEA-83D2-416D-8840-5F29FBF6223A}
	EndGlobalSection
EndGlobal
